
Microsoft Visual Studio Solution File, Format Version 12.00
# Visual Studio Version 16
VisualStudioVersion = 16.0.30804.86
MinimumVisualStudioVersion = 10.0.40219.1
Project("{FAE04EC0-301F-11D3-BF4B-00C04F79EFBC}") = "Entities", "Entities\Entities.csproj", "{7EEB948B-90EC-42F1-8696-A3FDCEBE68D9}"
EndProject
Project("{FAE04EC0-301F-11D3-BF4B-00C04F79EFBC}") = "DataAccess", "DataAccess\DataAccess.csproj", "{3FD57A85-5039-4906-90AF-071A13305559}"
EndProject
Project("{FAE04EC0-301F-11D3-BF4B-00C04F79EFBC}") = "Business", "Business\Business.csproj", "{90DFA5C7-3D81-444F-84AD-6941A323CEAA}"
EndProject
Project("{FAE04EC0-301F-11D3-BF4B-00C04F79EFBC}") = "ConsoleUI", "ConcoleUI\ConsoleUI.csproj", "{E1525427-2293-41CA-BB86-12FD341CB109}"
EndProject
Global
	GlobalSection(SolutionConfigurationPlatforms) = preSolution
		Debug|Any CPU = Debug|Any CPU
		Release|Any CPU = Release|Any CPU
	EndGlobalSection
	GlobalSection(ProjectConfigurationPlatforms) = postSolution
		{7EEB948B-90EC-42F1-8696-A3FDCEBE68D9}.Debug|Any CPU.ActiveCfg = Debug|Any CPU
		{7EEB948B-90EC-42F1-8696-A3FDCEBE68D9}.Debug|Any CPU.Build.0 = Debug|Any CPU
		{7EEB948B-90EC-42F1-8696-A3FDCEBE68D9}.Release|Any CPU.ActiveCfg = Release|Any CPU
		{7EEB948B-90EC-42F1-8696-A3FDCEBE68D9}.Release|Any CPU.Build.0 = Release|Any CPU
		{3FD57A85-5039-4906-90AF-071A13305559}.Debug|Any CPU.ActiveCfg = Debug|Any CPU
		{3FD57A85-5039-4906-90AF-071A13305559}.Debug|Any CPU.Build.0 = Debug|Any CPU
		{3FD57A85-5039-4906-90AF-071A13305559}.Release|Any CPU.ActiveCfg = Release|Any CPU
		{3FD57A85-5039-4906-90AF-071A13305559}.Release|Any CPU.Build.0 = Release|Any CPU
		{90DFA5C7-3D81-444F-84AD-6941A323CEAA}.Debug|Any CPU.ActiveCfg = Debug|Any CPU
		{90DFA5C7-3D81-444F-84AD-6941A323CEAA}.Debug|Any CPU.Build.0 = Debug|Any CPU
		{90DFA5C7-3D81-444F-84AD-6941A323CEAA}.Release|Any CPU.ActiveCfg = Release|Any CPU
		{90DFA5C7-3D81-444F-84AD-6941A323CEAA}.Release|Any CPU.Build.0 = Release|Any CPU
		{E1525427-2293-41CA-BB86-12FD341CB109}.Debug|Any CPU.ActiveCfg = Debug|Any CPU
		{E1525427-2293-41CA-BB86-12FD341CB109}.Debug|Any CPU.Build.0 = Debug|Any CPU
		{E1525427-2293-41CA-BB86-12FD341CB109}.Release|Any CPU.ActiveCfg = Release|Any CPU
		{E1525427-2293-41CA-BB86-12FD341CB109}.Release|Any CPU.Build.0 = Release|Any CPU
	EndGlobalSection
	GlobalSection(SolutionProperties) = preSolution
		HideSolutionNode = FALSE
	EndGlobalSection
	GlobalSection(ExtensibilityGlobals) = postSolution
		SolutionGuid = {ABCF51AF-F746-4E13-A8E0-9FF18E056D00}
	EndGlobalSection
EndGlobal
